
Microsoft Visual Studio Solution File, Format Version 12.00
# Visual Studio 2013
VisualStudioVersion = 12.0.21005.1
MinimumVisualStudioVersion = 10.0.40219.1
Project("{FAE04EC0-301F-11D3-BF4B-00C04F79EFBC}") = "MetaWeblog.Portable", "MetaWeblog.Portable\MetaWeblog.Portable.csproj", "{3549C330-5E84-4071-A8D1-7F7EBCFA96BD}"
EndProject
Project("{FAE04EC0-301F-11D3-BF4B-00C04F79EFBC}") = "MetaWeblog.Portable.Tests", "MetaWeblog.Portable.Tests\MetaWeblog.Portable.Tests.csproj", "{71BAF1A1-073E-47BF-ABB7-07F07CE1FD18}"
EndProject
Project("{2150E333-8FDC-42A3-9474-1A3956D46DE8}") = ".nuget", ".nuget", "{2B51E67C-9705-41FF-8CE5-0AE710988D93}"
	ProjectSection(SolutionItems) = preProject
		.nuget\NuGet.Config = .nuget\NuGet.Config
		.nuget\NuGet.exe = .nuget\NuGet.exe
		.nuget\NuGet.targets = .nuget\NuGet.targets
	EndProjectSection
EndProject
Project("{FAE04EC0-301F-11D3-BF4B-00C04F79EFBC}") = "MetaWeblog.Portable.Samples", "MetaWeblog.Portable.Samples\MetaWeblog.Portable.Samples.csproj", "{3ECF4200-C86D-439B-BAE3-7CA1FC8D139C}"
EndProject
Project("{FAE04EC0-301F-11D3-BF4B-00C04F79EFBC}") = "MetaWeblog.Server", "MetaWeblog.Server\MetaWeblog.Server.csproj", "{79A5E12A-17CD-46BF-B3BF-B43D0E8861FD}"
EndProject
Global
	GlobalSection(SolutionConfigurationPlatforms) = preSolution
		Debug|Any CPU = Debug|Any CPU
		Debug|ARM = Debug|ARM
		Debug|x64 = Debug|x64
		Debug|x86 = Debug|x86
		Release|Any CPU = Release|Any CPU
		Release|ARM = Release|ARM
		Release|x64 = Release|x64
		Release|x86 = Release|x86
	EndGlobalSection
	GlobalSection(ProjectConfigurationPlatforms) = postSolution
		{3549C330-5E84-4071-A8D1-7F7EBCFA96BD}.Debug|Any CPU.ActiveCfg = Debug|Any CPU
		{3549C330-5E84-4071-A8D1-7F7EBCFA96BD}.Debug|Any CPU.Build.0 = Debug|Any CPU
		{3549C330-5E84-4071-A8D1-7F7EBCFA96BD}.Debug|ARM.ActiveCfg = Debug|Any CPU
		{3549C330-5E84-4071-A8D1-7F7EBCFA96BD}.Debug|x64.ActiveCfg = Debug|Any CPU
		{3549C330-5E84-4071-A8D1-7F7EBCFA96BD}.Debug|x86.ActiveCfg = Debug|Any CPU
		{3549C330-5E84-4071-A8D1-7F7EBCFA96BD}.Release|Any CPU.ActiveCfg = Release|Any CPU
		{3549C330-5E84-4071-A8D1-7F7EBCFA96BD}.Release|Any CPU.Build.0 = Release|Any CPU
		{3549C330-5E84-4071-A8D1-7F7EBCFA96BD}.Release|ARM.ActiveCfg = Release|Any CPU
		{3549C330-5E84-4071-A8D1-7F7EBCFA96BD}.Release|x64.ActiveCfg = Release|Any CPU
		{3549C330-5E84-4071-A8D1-7F7EBCFA96BD}.Release|x86.ActiveCfg = Release|Any CPU
		{71BAF1A1-073E-47BF-ABB7-07F07CE1FD18}.Debug|Any CPU.ActiveCfg = Debug|Any CPU
		{71BAF1A1-073E-47BF-ABB7-07F07CE1FD18}.Debug|Any CPU.Build.0 = Debug|Any CPU
		{71BAF1A1-073E-47BF-ABB7-07F07CE1FD18}.Debug|ARM.ActiveCfg = Debug|Any CPU
		{71BAF1A1-073E-47BF-ABB7-07F07CE1FD18}.Debug|x64.ActiveCfg = Debug|Any CPU
		{71BAF1A1-073E-47BF-ABB7-07F07CE1FD18}.Debug|x86.ActiveCfg = Debug|Any CPU
		{71BAF1A1-073E-47BF-ABB7-07F07CE1FD18}.Release|Any CPU.ActiveCfg = Release|Any CPU
		{71BAF1A1-073E-47BF-ABB7-07F07CE1FD18}.Release|Any CPU.Build.0 = Release|Any CPU
		{71BAF1A1-073E-47BF-ABB7-07F07CE1FD18}.Release|ARM.ActiveCfg = Release|Any CPU
		{71BAF1A1-073E-47BF-ABB7-07F07CE1FD18}.Release|x64.ActiveCfg = Release|Any CPU
		{71BAF1A1-073E-47BF-ABB7-07F07CE1FD18}.Release|x86.ActiveCfg = Release|Any CPU
		{3ECF4200-C86D-439B-BAE3-7CA1FC8D139C}.Debug|Any CPU.ActiveCfg = Debug|Any CPU
		{3ECF4200-C86D-439B-BAE3-7CA1FC8D139C}.Debug|Any CPU.Build.0 = Debug|Any CPU
		{3ECF4200-C86D-439B-BAE3-7CA1FC8D139C}.Debug|ARM.ActiveCfg = Debug|Any CPU
		{3ECF4200-C86D-439B-BAE3-7CA1FC8D139C}.Debug|x64.ActiveCfg = Debug|Any CPU
		{3ECF4200-C86D-439B-BAE3-7CA1FC8D139C}.Debug|x86.ActiveCfg = Debug|Any CPU
		{3ECF4200-C86D-439B-BAE3-7CA1FC8D139C}.Release|Any CPU.ActiveCfg = Release|Any CPU
		{3ECF4200-C86D-439B-BAE3-7CA1FC8D139C}.Release|Any CPU.Build.0 = Release|Any CPU
		{3ECF4200-C86D-439B-BAE3-7CA1FC8D139C}.Release|ARM.ActiveCfg = Release|Any CPU
		{3ECF4200-C86D-439B-BAE3-7CA1FC8D139C}.Release|x64.ActiveCfg = Release|Any CPU
		{3ECF4200-C86D-439B-BAE3-7CA1FC8D139C}.Release|x86.ActiveCfg = Release|Any CPU
		{79A5E12A-17CD-46BF-B3BF-B43D0E8861FD}.Debug|Any CPU.ActiveCfg = Debug|Any CPU
		{79A5E12A-17CD-46BF-B3BF-B43D0E8861FD}.Debug|Any CPU.Build.0 = Debug|Any CPU
		{79A5E12A-17CD-46BF-B3BF-B43D0E8861FD}.Debug|ARM.ActiveCfg = Debug|Any CPU
		{79A5E12A-17CD-46BF-B3BF-B43D0E8861FD}.Debug|x64.ActiveCfg = Debug|Any CPU
		{79A5E12A-17CD-46BF-B3BF-B43D0E8861FD}.Debug|x86.ActiveCfg = Debug|Any CPU
		{79A5E12A-17CD-46BF-B3BF-B43D0E8861FD}.Release|Any CPU.ActiveCfg = Release|Any CPU
		{79A5E12A-17CD-46BF-B3BF-B43D0E8861FD}.Release|Any CPU.Build.0 = Release|Any CPU
		{79A5E12A-17CD-46BF-B3BF-B43D0E8861FD}.Release|ARM.ActiveCfg = Release|Any CPU
		{79A5E12A-17CD-46BF-B3BF-B43D0E8861FD}.Release|x64.ActiveCfg = Release|Any CPU
		{79A5E12A-17CD-46BF-B3BF-B43D0E8861FD}.Release|x86.ActiveCfg = Release|Any CPU
	EndGlobalSection
	GlobalSection(SolutionProperties) = preSolution
		HideSolutionNode = FALSE
	EndGlobalSection
EndGlobal
